
Microsoft Visual Studio Solution File, Format Version 12.00
# Visual Studio Version 17
VisualStudioVersion = 17.8.34330.188
MinimumVisualStudioVersion = 10.0.40219.1
Project("{FAE04EC0-301F-11D3-BF4B-00C04F79EFBC}") = "LabAssginment-01", "LabAssginment-01.csproj", "{BF866BB4-483F-4F61-8E9C-9BDCD742B70A}"
EndProject
Global
	GlobalSection(SolutionConfigurationPlatforms) = preSolution
		Debug|Any CPU = Debug|Any CPU
		Release|Any CPU = Release|Any CPU
	EndGlobalSection
	GlobalSection(ProjectConfigurationPlatforms) = postSolution
		{BF866BB4-483F-4F61-8E9C-9BDCD742B70A}.Debug|Any CPU.ActiveCfg = Debug|Any CPU
		{BF866BB4-483F-4F61-8E9C-9BDCD742B70A}.Debug|Any CPU.Build.0 = Debug|Any CPU
		{BF866BB4-483F-4F61-8E9C-9BDCD742B70A}.Release|Any CPU.ActiveCfg = Release|Any CPU
		{BF866BB4-483F-4F61-8E9C-9BDCD742B70A}.Release|Any CPU.Build.0 = Release|Any CPU
	EndGlobalSection
	GlobalSection(SolutionProperties) = preSolution
		HideSolutionNode = FALSE
	EndGlobalSection
	GlobalSection(ExtensibilityGlobals) = postSolution
		SolutionGuid = {DE3B2A8F-9D72-461E-A240-851838C0A1BB}
	EndGlobalSection
EndGlobal
